
Microsoft Visual Studio Solution File, Format Version 12.00
# Visual Studio 15
VisualStudioVersion = 15.0.27130.2010
MinimumVisualStudioVersion = 10.0.40219.1
Project("{9A19103F-16F7-4668-BE54-9A1E7A4F7556}") = "Akka.Quartz.Actor", "Akka.Quartz.Actor\Akka.Quartz.Actor.csproj", "{083C224E-DDB1-4C0F-9BDC-5524741939B3}"
EndProject
Project("{FAE04EC0-301F-11D3-BF4B-00C04F79EFBC}") = "Akka.Quartz.Actor.Tests", "Akka.Quartz.Actor.Tests\Akka.Quartz.Actor.Tests.csproj", "{63E9923F-6235-4787-A11C-AC83B24A7D47}"
EndProject
Global
	GlobalSection(SolutionConfigurationPlatforms) = preSolution
		Debug|Any CPU = Debug|Any CPU
		Release|Any CPU = Release|Any CPU
	EndGlobalSection
	GlobalSection(ProjectConfigurationPlatforms) = postSolution
		{083C224E-DDB1-4C0F-9BDC-5524741939B3}.Debug|Any CPU.ActiveCfg = Debug|Any CPU
		{083C224E-DDB1-4C0F-9BDC-5524741939B3}.Debug|Any CPU.Build.0 = Debug|Any CPU
		{083C224E-DDB1-4C0F-9BDC-5524741939B3}.Release|Any CPU.ActiveCfg = Release|Any CPU
		{083C224E-DDB1-4C0F-9BDC-5524741939B3}.Release|Any CPU.Build.0 = Release|Any CPU
		{63E9923F-6235-4787-A11C-AC83B24A7D47}.Debug|Any CPU.ActiveCfg = Debug|Any CPU
		{63E9923F-6235-4787-A11C-AC83B24A7D47}.Debug|Any CPU.Build.0 = Debug|Any CPU
		{63E9923F-6235-4787-A11C-AC83B24A7D47}.Release|Any CPU.ActiveCfg = Release|Any CPU
		{63E9923F-6235-4787-A11C-AC83B24A7D47}.Release|Any CPU.Build.0 = Release|Any CPU
	EndGlobalSection
	GlobalSection(SolutionProperties) = preSolution
		HideSolutionNode = FALSE
	EndGlobalSection
	GlobalSection(ExtensibilityGlobals) = postSolution
		SolutionGuid = {01EA8113-2E51-4F03-9CCE-6F4E9D85D469}
	EndGlobalSection
EndGlobal
